
Microsoft Visual Studio Solution File, Format Version 12.00
# Visual Studio Version 17
VisualStudioVersion = 17.6.33829.357
MinimumVisualStudioVersion = 10.0.40219.1
Project("{FAE04EC0-301F-11D3-BF4B-00C04F79EFBC}") = "Usercode", "Usercode.csproj", "{A99188F4-40D6-430B-950F-93506A59C9D7}"
EndProject
Global
	GlobalSection(SolutionConfigurationPlatforms) = preSolution
		Debug|Any CPU = Debug|Any CPU
		Release|Any CPU = Release|Any CPU
	EndGlobalSection
	GlobalSection(ProjectConfigurationPlatforms) = postSolution
		{A99188F4-40D6-430B-950F-93506A59C9D7}.Debug|Any CPU.ActiveCfg = Debug|Any CPU
		{A99188F4-40D6-430B-950F-93506A59C9D7}.Debug|Any CPU.Build.0 = Debug|Any CPU
		{A99188F4-40D6-430B-950F-93506A59C9D7}.Release|Any CPU.ActiveCfg = Release|Any CPU
		{A99188F4-40D6-430B-950F-93506A59C9D7}.Release|Any CPU.Build.0 = Release|Any CPU
	EndGlobalSection
	GlobalSection(SolutionProperties) = preSolution
		HideSolutionNode = FALSE
	EndGlobalSection
	GlobalSection(ExtensibilityGlobals) = postSolution
		SolutionGuid = {79125C8C-593F-4736-92B3-98711A9F7DC5}
	EndGlobalSection
EndGlobal
