
Microsoft Visual Studio Solution File, Format Version 12.00
# Visual Studio Version 17
VisualStudioVersion = 17.6.33829.357
MinimumVisualStudioVersion = 10.0.40219.1
Project("{FAE04EC0-301F-11D3-BF4B-00C04F79EFBC}") = "GradeApp", "GradeApp.csproj", "{94C2253F-156A-46CF-B18A-E495E9563461}"
EndProject
Global
	GlobalSection(SolutionConfigurationPlatforms) = preSolution
		Debug|Any CPU = Debug|Any CPU
		Release|Any CPU = Release|Any CPU
	EndGlobalSection
	GlobalSection(ProjectConfigurationPlatforms) = postSolution
		{94C2253F-156A-46CF-B18A-E495E9563461}.Debug|Any CPU.ActiveCfg = Debug|Any CPU
		{94C2253F-156A-46CF-B18A-E495E9563461}.Debug|Any CPU.Build.0 = Debug|Any CPU
		{94C2253F-156A-46CF-B18A-E495E9563461}.Release|Any CPU.ActiveCfg = Release|Any CPU
		{94C2253F-156A-46CF-B18A-E495E9563461}.Release|Any CPU.Build.0 = Release|Any CPU
	EndGlobalSection
	GlobalSection(SolutionProperties) = preSolution
		HideSolutionNode = FALSE
	EndGlobalSection
	GlobalSection(ExtensibilityGlobals) = postSolution
		SolutionGuid = {C7AC1577-05AF-4281-A9A8-1F77813D42C0}
	EndGlobalSection
EndGlobal
